
Microsoft Visual Studio Solution File, Format Version 12.00
# Visual Studio 15
VisualStudioVersion = 15.0.27428.2002
MinimumVisualStudioVersion = 10.0.40219.1
Project("{FAE04EC0-301F-11D3-BF4B-00C04F79EFBC}") = "ImageService", "ImageService\ImageService.csproj", "{7171CA72-1756-49E7-AFFD-96B588AE13CA}"
EndProject
Project("{FAE04EC0-301F-11D3-BF4B-00C04F79EFBC}") = "kinGUI", "kinGUI\kinGUI.csproj", "{5CC1D7AA-7A26-492F-A0F1-4AB3EE157369}"
EndProject
Global
	GlobalSection(SolutionConfigurationPlatforms) = preSolution
		Debug|Any CPU = Debug|Any CPU
		Release|Any CPU = Release|Any CPU
	EndGlobalSection
	GlobalSection(ProjectConfigurationPlatforms) = postSolution
		{7171CA72-1756-49E7-AFFD-96B588AE13CA}.Debug|Any CPU.ActiveCfg = Debug|Any CPU
		{7171CA72-1756-49E7-AFFD-96B588AE13CA}.Debug|Any CPU.Build.0 = Debug|Any CPU
		{7171CA72-1756-49E7-AFFD-96B588AE13CA}.Release|Any CPU.ActiveCfg = Release|Any CPU
		{7171CA72-1756-49E7-AFFD-96B588AE13CA}.Release|Any CPU.Build.0 = Release|Any CPU
		{5CC1D7AA-7A26-492F-A0F1-4AB3EE157369}.Debug|Any CPU.ActiveCfg = Debug|Any CPU
		{5CC1D7AA-7A26-492F-A0F1-4AB3EE157369}.Debug|Any CPU.Build.0 = Debug|Any CPU
		{5CC1D7AA-7A26-492F-A0F1-4AB3EE157369}.Release|Any CPU.ActiveCfg = Release|Any CPU
		{5CC1D7AA-7A26-492F-A0F1-4AB3EE157369}.Release|Any CPU.Build.0 = Release|Any CPU
	EndGlobalSection
	GlobalSection(SolutionProperties) = preSolution
		HideSolutionNode = FALSE
	EndGlobalSection
	GlobalSection(ExtensibilityGlobals) = postSolution
		SolutionGuid = {352323B7-2C8F-43DB-AD10-5689C3643B16}
	EndGlobalSection
EndGlobal
